
Microsoft Visual Studio Solution File, Format Version 12.00
# Visual Studio 2012
Project("{FAE04EC0-301F-11D3-BF4B-00C04F79EFBC}") = "EffectSample.WinPhone71", "Softbuild.Media.WinPhone71\EffectSample.WinPhone71\EffectSample.WinPhone71.csproj", "{19F378FE-0B1A-4660-8F74-2CD68108C027}"
EndProject
Project("{FAE04EC0-301F-11D3-BF4B-00C04F79EFBC}") = "Softbuild.Media.WinPhone71", "Softbuild.Media.WinPhone71\Softbuild.Media.WinPhone71.csproj", "{549E7069-9BF9-4090-B5D2-1FAF87EA435D}"
EndProject
Project("{FAE04EC0-301F-11D3-BF4B-00C04F79EFBC}") = "Softbuild.Media.EffectCore", "Softbuild.Media.EffectCore\Softbuild.Media.EffectCore.csproj", "{A0EB98C3-1184-45B1-8A80-4BB008B3495F}"
EndProject
Global
	GlobalSection(SolutionConfigurationPlatforms) = preSolution
		Debug|Any CPU = Debug|Any CPU
		Release|Any CPU = Release|Any CPU
	EndGlobalSection
	GlobalSection(ProjectConfigurationPlatforms) = postSolution
		{19F378FE-0B1A-4660-8F74-2CD68108C027}.Debug|Any CPU.ActiveCfg = Debug|Any CPU
		{19F378FE-0B1A-4660-8F74-2CD68108C027}.Debug|Any CPU.Build.0 = Debug|Any CPU
		{19F378FE-0B1A-4660-8F74-2CD68108C027}.Debug|Any CPU.Deploy.0 = Debug|Any CPU
		{19F378FE-0B1A-4660-8F74-2CD68108C027}.Release|Any CPU.ActiveCfg = Release|Any CPU
		{19F378FE-0B1A-4660-8F74-2CD68108C027}.Release|Any CPU.Build.0 = Release|Any CPU
		{19F378FE-0B1A-4660-8F74-2CD68108C027}.Release|Any CPU.Deploy.0 = Release|Any CPU
		{549E7069-9BF9-4090-B5D2-1FAF87EA435D}.Debug|Any CPU.ActiveCfg = Debug|Any CPU
		{549E7069-9BF9-4090-B5D2-1FAF87EA435D}.Debug|Any CPU.Build.0 = Debug|Any CPU
		{549E7069-9BF9-4090-B5D2-1FAF87EA435D}.Release|Any CPU.ActiveCfg = Release|Any CPU
		{549E7069-9BF9-4090-B5D2-1FAF87EA435D}.Release|Any CPU.Build.0 = Release|Any CPU
		{A0EB98C3-1184-45B1-8A80-4BB008B3495F}.Debug|Any CPU.ActiveCfg = Debug|Any CPU
		{A0EB98C3-1184-45B1-8A80-4BB008B3495F}.Debug|Any CPU.Build.0 = Debug|Any CPU
		{A0EB98C3-1184-45B1-8A80-4BB008B3495F}.Release|Any CPU.ActiveCfg = Release|Any CPU
		{A0EB98C3-1184-45B1-8A80-4BB008B3495F}.Release|Any CPU.Build.0 = Release|Any CPU
	EndGlobalSection
	GlobalSection(SolutionProperties) = preSolution
		HideSolutionNode = FALSE
	EndGlobalSection
EndGlobal
